// !$*UTF8*$!
{
	archiveVersion = 1;
	classes = {
	};
	objectVersion = 55;
	objects = {

/* Begin PBXBuildFile section */
		D8EE7A5EF3971968A0F258DB /* Pods_EcomPrototype.framework in Frameworks */ = {isa = PBXBuildFile; fileRef = 880B86264F570B5D957126A8 /* Pods_EcomPrototype.framework */; };
		F9FA8D7B27A3CD2B00A5A143 /* AppDelegate.swift in Sources */ = {isa = PBXBuildFile; fileRef = F9FA8D7A27A3CD2B00A5A143 /* AppDelegate.swift */; };
		F9FA8D7D27A3CD2B00A5A143 /* SceneDelegate.swift in Sources */ = {isa = PBXBuildFile; fileRef = F9FA8D7C27A3CD2B00A5A143 /* SceneDelegate.swift */; };
		F9FA8D8427A3CD2D00A5A143 /* Assets.xcassets in Resources */ = {isa = PBXBuildFile; fileRef = F9FA8D8327A3CD2D00A5A143 /* Assets.xcassets */; };
		F9FA8D8727A3CD2D00A5A143 /* LaunchScreen.storyboard in Resources */ = {isa = PBXBuildFile; fileRef = F9FA8D8527A3CD2D00A5A143 /* LaunchScreen.storyboard */; };
		F9FA8D9327A3D18200A5A143 /* TabViewController.swift in Sources */ = {isa = PBXBuildFile; fileRef = F9FA8D9227A3D18200A5A143 /* TabViewController.swift */; };
		F9FA8D9527A4184600A5A143 /* HomeViewController.swift in Sources */ = {isa = PBXBuildFile; fileRef = F9FA8D9427A4184600A5A143 /* HomeViewController.swift */; };
		F9FA8D9727A4185F00A5A143 /* DealsViewController.swift in Sources */ = {isa = PBXBuildFile; fileRef = F9FA8D9627A4185F00A5A143 /* DealsViewController.swift */; };
		F9FA8D9927A4186C00A5A143 /* SearchViewController.swift in Sources */ = {isa = PBXBuildFile; fileRef = F9FA8D9827A4186C00A5A143 /* SearchViewController.swift */; };
		F9FA8D9B27A4187D00A5A143 /* FavoriteViewController.swift in Sources */ = {isa = PBXBuildFile; fileRef = F9FA8D9A27A4187D00A5A143 /* FavoriteViewController.swift */; };
		F9FA8D9D27A4188F00A5A143 /* ProfileViewController.swift in Sources */ = {isa = PBXBuildFile; fileRef = F9FA8D9C27A4188F00A5A143 /* ProfileViewController.swift */; };
/* End PBXBuildFile section */

/* Begin PBXFileReference section */
		8738C4E179C3544D219966CD /* Pods-EcomPrototype.debug.xcconfig */ = {isa = PBXFileReference; includeInIndex = 1; lastKnownFileType = text.xcconfig; name = "Pods-EcomPrototype.debug.xcconfig"; path = "Target Support Files/Pods-EcomPrototype/Pods-EcomPrototype.debug.xcconfig"; sourceTree = "<group>"; };
		880B86264F570B5D957126A8 /* Pods_EcomPrototype.framework */ = {isa = PBXFileReference; explicitFileType = wrapper.framework; includeInIndex = 0; path = Pods_EcomPrototype.framework; sourceTree = BUILT_PRODUCTS_DIR; };
		A0221A37AA15B3665116B0C0 /* Pods-EcomPrototype.release.xcconfig */ = {isa = PBXFileReference; includeInIndex = 1; lastKnownFileType = text.xcconfig; name = "Pods-EcomPrototype.release.xcconfig"; path = "Target Support Files/Pods-EcomPrototype/Pods-EcomPrototype.release.xcconfig"; sourceTree = "<group>"; };
		F9FA8D7727A3CD2B00A5A143 /* EcomPrototype.app */ = {isa = PBXFileReference; explicitFileType = wrapper.application; includeInIndex = 0; path = EcomPrototype.app; sourceTree = BUILT_PRODUCTS_DIR; };
		F9FA8D7A27A3CD2B00A5A143 /* AppDelegate.swift */ = {isa = PBXFileReference; lastKnownFileType = sourcecode.swift; path = AppDelegate.swift; sourceTree = "<group>"; };
		F9FA8D7C27A3CD2B00A5A143 /* SceneDelegate.swift */ = {isa = PBXFileReference; lastKnownFileType = sourcecode.swift; path = SceneDelegate.swift; sourceTree = "<group>"; };
		F9FA8D8327A3CD2D00A5A143 /* Assets.xcassets */ = {isa = PBXFileReference; lastKnownFileType = folder.assetcatalog; path = Assets.xcassets; sourceTree = "<group>"; };
		F9FA8D8627A3CD2D00A5A143 /* Base */ = {isa = PBXFileReference; lastKnownFileType = file.storyboard; name = Base; path = Base.lproj/LaunchScreen.storyboard; sourceTree = "<group>"; };
		F9FA8D8827A3CD2D00A5A143 /* Info.plist */ = {isa = PBXFileReference; lastKnownFileType = text.plist.xml; path = Info.plist; sourceTree = "<group>"; };
		F9FA8D9227A3D18200A5A143 /* TabViewController.swift */ = {isa = PBXFileReference; lastKnownFileType = sourcecode.swift; path = TabViewController.swift; sourceTree = "<group>"; };
		F9FA8D9427A4184600A5A143 /* HomeViewController.swift */ = {isa = PBXFileReference; lastKnownFileType = sourcecode.swift; path = HomeViewController.swift; sourceTree = "<group>"; };
		F9FA8D9627A4185F00A5A143 /* DealsViewController.swift */ = {isa = PBXFileReference; lastKnownFileType = sourcecode.swift; path = DealsViewController.swift; sourceTree = "<group>"; };
		F9FA8D9827A4186C00A5A143 /* SearchViewController.swift */ = {isa = PBXFileReference; lastKnownFileType = sourcecode.swift; path = SearchViewController.swift; sourceTree = "<group>"; };
		F9FA8D9A27A4187D00A5A143 /* FavoriteViewController.swift */ = {isa = PBXFileReference; lastKnownFileType = sourcecode.swift; path = FavoriteViewController.swift; sourceTree = "<group>"; };
		F9FA8D9C27A4188F00A5A143 /* ProfileViewController.swift */ = {isa = PBXFileReference; lastKnownFileType = sourcecode.swift; path = ProfileViewController.swift; sourceTree = "<group>"; };
/* End PBXFileReference section */

/* Begin PBXFrameworksBuildPhase section */
		F9FA8D7427A3CD2B00A5A143 /* Frameworks */ = {
			isa = PBXFrameworksBuildPhase;
			buildActionMask = 2147483647;
			files = (
				D8EE7A5EF3971968A0F258DB /* Pods_EcomPrototype.framework in Frameworks */,
			);
			runOnlyForDeploymentPostprocessing = 0;
		};
/* End PBXFrameworksBuildPhase section */

/* Begin PBXGroup section */
		4FB7F636132C9362F198762C /* Pods */ = {
			isa = PBXGroup;
			children = (
				8738C4E179C3544D219966CD /* Pods-EcomPrototype.debug.xcconfig */,
				A0221A37AA15B3665116B0C0 /* Pods-EcomPrototype.release.xcconfig */,
			);
			path = Pods;
			sourceTree = "<group>";
		};
		A4C21166213F1EA0D813E01F /* Frameworks */ = {
			isa = PBXGroup;
			children = (
				880B86264F570B5D957126A8 /* Pods_EcomPrototype.framework */,
			);
			name = Frameworks;
			sourceTree = "<group>";
		};
		F9FA8D6E27A3CD2B00A5A143 = {
			isa = PBXGroup;
			children = (
				F9FA8D7927A3CD2B00A5A143 /* EcomPrototype */,
				F9FA8D7827A3CD2B00A5A143 /* Products */,
				4FB7F636132C9362F198762C /* Pods */,
				A4C21166213F1EA0D813E01F /* Frameworks */,
			);
			sourceTree = "<group>";
		};
		F9FA8D7827A3CD2B00A5A143 /* Products */ = {
			isa = PBXGroup;
			children = (
				F9FA8D7727A3CD2B00A5A143 /* EcomPrototype.app */,
			);
			name = Products;
			sourceTree = "<group>";
		};
		F9FA8D7927A3CD2B00A5A143 /* EcomPrototype */ = {
			isa = PBXGroup;
			children = (
				F9FA8D9027A3D0AF00A5A143 /* Model */,
				F9FA8D9127A3D12300A5A143 /* View */,
				F9FA8D8F27A3D09900A5A143 /* ViewController */,
				F9FA8D7A27A3CD2B00A5A143 /* AppDelegate.swift */,
				F9FA8D7C27A3CD2B00A5A143 /* SceneDelegate.swift */,
				F9FA8D8327A3CD2D00A5A143 /* Assets.xcassets */,
				F9FA8D8527A3CD2D00A5A143 /* LaunchScreen.storyboard */,
				F9FA8D8827A3CD2D00A5A143 /* Info.plist */,
			);
			path = EcomPrototype;
			sourceTree = "<group>";
		};
		F9FA8D8F27A3D09900A5A143 /* ViewController */ = {
			isa = PBXGroup;
			children = (
				F9FA8D9227A3D18200A5A143 /* TabViewController.swift */,
				F9FA8D9427A4184600A5A143 /* HomeViewController.swift */,
				F9FA8D9827A4186C00A5A143 /* SearchViewController.swift */,
				F9FA8D9627A4185F00A5A143 /* DealsViewController.swift */,
				F9FA8D9A27A4187D00A5A143 /* FavoriteViewController.swift */,
				F9FA8D9C27A4188F00A5A143 /* ProfileViewController.swift */,
			);
			path = ViewController;
			sourceTree = "<group>";
		};
		F9FA8D9027A3D0AF00A5A143 /* Model */ = {
			isa = PBXGroup;
			children = (
			);
			path = Model;
			sourceTree = "<group>";
		};
		F9FA8D9127A3D12300A5A143 /* View */ = {
			isa = PBXGroup;
			children = (
			);
			path = View;
			sourceTree = "<group>";
		};
/* End PBXGroup section */

/* Begin PBXNativeTarget section */
		F9FA8D7627A3CD2B00A5A143 /* EcomPrototype */ = {
			isa = PBXNativeTarget;
			buildConfigurationList = F9FA8D8B27A3CD2D00A5A143 /* Build configuration list for PBXNativeTarget "EcomPrototype" */;
			buildPhases = (
				6BF4EB9CD8B6E1A7DAAE41E0 /* [CP] Check Pods Manifest.lock */,
				F9FA8D7327A3CD2B00A5A143 /* Sources */,
				F9FA8D7427A3CD2B00A5A143 /* Frameworks */,
				F9FA8D7527A3CD2B00A5A143 /* Resources */,
				A253B237E36D4BFE5D186CF5 /* [CP] Embed Pods Frameworks */,
			);
			buildRules = (
			);
			dependencies = (
			);
			name = EcomPrototype;
			productName = EcomPrototype;
			productReference = F9FA8D7727A3CD2B00A5A143 /* EcomPrototype.app */;
			productType = "com.apple.product-type.application";
		};
/* End PBXNativeTarget section */

/* Begin PBXProject section */
		F9FA8D6F27A3CD2B00A5A143 /* Project object */ = {
			isa = PBXProject;
			attributes = {
				BuildIndependentTargetsInParallel = 1;
				LastSwiftUpdateCheck = 1320;
				LastUpgradeCheck = 1320;
				TargetAttributes = {
					F9FA8D7627A3CD2B00A5A143 = {
						CreatedOnToolsVersion = 13.2.1;
					};
				};
			};
			buildConfigurationList = F9FA8D7227A3CD2B00A5A143 /* Build configuration list for PBXProject "EcomPrototype" */;
			compatibilityVersion = "Xcode 13.0";
			developmentRegion = en;
			hasScannedForEncodings = 0;
			knownRegions = (
				en,
				Base,
			);
			mainGroup = F9FA8D6E27A3CD2B00A5A143;
			productRefGroup = F9FA8D7827A3CD2B00A5A143 /* Products */;
			projectDirPath = "";
			projectRoot = "";
			targets = (
				F9FA8D7627A3CD2B00A5A143 /* EcomPrototype */,
			);
		};
/* End PBXProject section */

/* Begin PBXResourcesBuildPhase section */
		F9FA8D7527A3CD2B00A5A143 /* Resources */ = {
			isa = PBXResourcesBuildPhase;
			buildActionMask = 2147483647;
			files = (
				F9FA8D8727A3CD2D00A5A143 /* LaunchScreen.storyboard in Resources */,
				F9FA8D8427A3CD2D00A5A143 /* Assets.xcassets in Resources */,
			);
			runOnlyForDeploymentPostprocessing = 0;
		};
/* End PBXResourcesBuildPhase section */

/* Begin PBXShellScriptBuildPhase section */
		6BF4EB9CD8B6E1A7DAAE41E0 /* [CP] Check Pods Manifest.lock */ = {
			isa = PBXShellScriptBuildPhase;
			buildActionMask = 2147483647;
			files = (
			);
			inputFileListPaths = (
			);
			inputPaths = (
				"${PODS_PODFILE_DIR_PATH}/Podfile.lock",
				"${PODS_ROOT}/Manifest.lock",
			);
			name = "[CP] Check Pods Manifest.lock";
			outputFileListPaths = (
			);
			outputPaths = (
				"$(DERIVED_FILE_DIR)/Pods-EcomPrototype-checkManifestLockResult.txt",
			);
			runOnlyForDeploymentPostprocessing = 0;
			shellPath = /bin/sh;
			shellScript = "diff \"${PODS_PODFILE_DIR_PATH}/Podfile.lock\" \"${PODS_ROOT}/Manifest.lock\" > /dev/null\nif [ $? != 0 ] ; then\n    # print error to STDERR\n    echo \"error: The sandbox is not in sync with the Podfile.lock. Run 'pod install' or update your CocoaPods installation.\" >&2\n    exit 1\nfi\n# This output is used by Xcode 'outputs' to avoid re-running this script phase.\necho \"SUCCESS\" > \"${SCRIPT_OUTPUT_FILE_0}\"\n";
			showEnvVarsInLog = 0;
		};
		A253B237E36D4BFE5D186CF5 /* [CP] Embed Pods Frameworks */ = {
			isa = PBXShellScriptBuildPhase;
			buildActionMask = 2147483647;
			files = (
			);
			inputFileListPaths = (
				"${PODS_ROOT}/Target Support Files/Pods-EcomPrototype/Pods-EcomPrototype-frameworks-${CONFIGURATION}-input-files.xcfilelist",
			);
			name = "[CP] Embed Pods Frameworks";
			outputFileListPaths = (
				"${PODS_ROOT}/Target Support Files/Pods-EcomPrototype/Pods-EcomPrototype-frameworks-${CONFIGURATION}-output-files.xcfilelist",
			);
			runOnlyForDeploymentPostprocessing = 0;
			shellPath = /bin/sh;
			shellScript = "\"${PODS_ROOT}/Target Support Files/Pods-EcomPrototype/Pods-EcomPrototype-frameworks.sh\"\n";
			showEnvVarsInLog = 0;
		};
/* End PBXShellScriptBuildPhase section */

/* Begin PBXSourcesBuildPhase section */
		F9FA8D7327A3CD2B00A5A143 /* Sources */ = {
			isa = PBXSourcesBuildPhase;
			buildActionMask = 2147483647;
			files = (
				F9FA8D9927A4186C00A5A143 /* SearchViewController.swift in Sources */,
				F9FA8D9327A3D18200A5A143 /* TabViewController.swift in Sources */,
				F9FA8D7B27A3CD2B00A5A143 /* AppDelegate.swift in Sources */,
				F9FA8D9B27A4187D00A5A143 /* FavoriteViewController.swift in Sources */,
				F9FA8D9727A4185F00A5A143 /* DealsViewController.swift in Sources */,
				F9FA8D7D27A3CD2B00A5A143 /* SceneDelegate.swift in Sources */,
				F9FA8D9D27A4188F00A5A143 /* ProfileViewController.swift in Sources */,
				F9FA8D9527A4184600A5A143 /* HomeViewController.swift in Sources */,
			);
			runOnlyForDeploymentPostprocessing = 0;
		};
/* End PBXSourcesBuildPhase section */

/* Begin PBXVariantGroup section */
		F9FA8D8527A3CD2D00A5A143 /* LaunchScreen.storyboard */ = {
			isa = PBXVariantGroup;
			children = (
				F9FA8D8627A3CD2D00A5A143 /* Base */,
			);
			name = LaunchScreen.storyboard;
			sourceTree = "<group>";
		};
/* End PBXVariantGroup section */

/* Begin XCBuildConfiguration section */
		F9FA8D8927A3CD2D00A5A143 /* Debug */ = {
			isa = XCBuildConfiguration;
			buildSettings = {
				ALWAYS_SEARCH_USER_PATHS = NO;
				CLANG_ANALYZER_NONNULL = YES;
				CLANG_ANALYZER_NUMBER_OBJECT_CONVERSION = YES_AGGRESSIVE;
				CLANG_CXX_LANGUAGE_STANDARD = "gnu++17";
				CLANG_CXX_LIBRARY = "libc++";
				CLANG_ENABLE_MODULES = YES;
				CLANG_ENABLE_OBJC_ARC = YES;
				CLANG_ENABLE_OBJC_WEAK = YES;
				CLANG_WARN_BLOCK_CAPTURE_AUTORELEASING = YES;
				CLANG_WARN_BOOL_CONVERSION = YES;
				CLANG_WARN_COMMA = YES;
				CLANG_WARN_CONSTANT_CONVERSION = YES;
				CLANG_WARN_DEPRECATED_OBJC_IMPLEMENTATIONS = YES;
				CLANG_WARN_DIRECT_OBJC_ISA_USAGE = YES_ERROR;
				CLANG_WARN_DOCUMENTATION_COMMENTS = YES;
				CLANG_WARN_EMPTY_BODY = YES;
				CLANG_WARN_ENUM_CONVERSION = YES;
				CLANG_WARN_INFINITE_RECURSION = YES;
				CLANG_WARN_INT_CONVERSION = YES;
				CLANG_WARN_NON_LITERAL_NULL_CONVERSION = YES;
				CLANG_WARN_OBJC_IMPLICIT_RETAIN_SELF = YES;
				CLANG_WARN_OBJC_LITERAL_CONVERSION = YES;
				CLANG_WARN_OBJC_ROOT_CLASS = YES_ERROR;
				CLANG_WARN_QUOTED_INCLUDE_IN_FRAMEWORK_HEADER = YES;
				CLANG_WARN_RANGE_LOOP_ANALYSIS = YES;
				CLANG_WARN_STRICT_PROTOTYPES = YES;
				CLANG_WARN_SUSPICIOUS_MOVE = YES;
				CLANG_WARN_UNGUARDED_AVAILABILITY = YES_AGGRESSIVE;
				CLANG_WARN_UNREACHABLE_CODE = YES;
				CLANG_WARN__DUPLICATE_METHOD_MATCH = YES;
				COPY_PHASE_STRIP = NO;
				DEBUG_INFORMATION_FORMAT = dwarf;
				ENABLE_STRICT_OBJC_MSGSEND = YES;
				ENABLE_TESTABILITY = YES;
				GCC_C_LANGUAGE_STANDARD = gnu11;
				GCC_DYNAMIC_NO_PIC = NO;
				GCC_NO_COMMON_BLOCKS = YES;
				GCC_OPTIMIZATION_LEVEL = 0;
				GCC_PREPROCESSOR_DEFINITIONS = (
					"DEBUG=1",
					"$(inherited)",
				);
				GCC_WARN_64_TO_32_BIT_CONVERSION = YES;
				GCC_WARN_ABOUT_RETURN_TYPE = YES_ERROR;
				GCC_WARN_UNDECLARED_SELECTOR = YES;
				GCC_WARN_UNINITIALIZED_AUTOS = YES_AGGRESSIVE;
				GCC_WARN_UNUSED_FUNCTION = YES;
				GCC_WARN_UNUSED_VARIABLE = YES;
				IPHONEOS_DEPLOYMENT_TARGET = 15.0;
				MTL_ENABLE_DEBUG_INFO = INCLUDE_SOURCE;
				MTL_FAST_MATH = YES;
				ONLY_ACTIVE_ARCH = YES;
				SDKROOT = iphoneos;
				SWIFT_ACTIVE_COMPILATION_CONDITIONS = DEBUG;
				SWIFT_OPTIMIZATION_LEVEL = "-Onone";
			};
			name = Debug;
		};
		F9FA8D8A27A3CD2D00A5A143 /* Release */ = {
			isa = XCBuildConfiguration;
			buildSettings = {
				ALWAYS_SEARCH_USER_PATHS = NO;
				CLANG_ANALYZER_NONNULL = YES;
				CLANG_ANALYZER_NUMBER_OBJECT_CONVERSION = YES_AGGRESSIVE;
				CLANG_CXX_LANGUAGE_STANDARD = "gnu++17";
				CLANG_CXX_LIBRARY = "libc++";
				CLANG_ENABLE_MODULES = YES;
				CLANG_ENABLE_OBJC_ARC = YES;
				CLANG_ENABLE_OBJC_WEAK = YES;
				CLANG_WARN_BLOCK_CAPTURE_AUTORELEASING = YES;
				CLANG_WARN_BOOL_CONVERSION = YES;
				CLANG_WARN_COMMA = YES;
				CLANG_WARN_CONSTANT_CONVERSION = YES;
				CLANG_WARN_DEPRECATED_OBJC_IMPLEMENTATIONS = YES;
				CLANG_WARN_DIRECT_OBJC_ISA_USAGE = YES_ERROR;
				CLANG_WARN_DOCUMENTATION_COMMENTS = YES;
				CLANG_WARN_EMPTY_BODY = YES;
				CLANG_WARN_ENUM_CONVERSION = YES;
				CLANG_WARN_INFINITE_RECURSION = YES;
				CLANG_WARN_INT_CONVERSION = YES;
				CLANG_WARN_NON_LITERAL_NULL_CONVERSION = YES;
				CLANG_WARN_OBJC_IMPLICIT_RETAIN_SELF = YES;
				CLANG_WARN_OBJC_LITERAL_CONVERSION = YES;
				CLANG_WARN_OBJC_ROOT_CLASS = YES_ERROR;
				CLANG_WARN_QUOTED_INCLUDE_IN_FRAMEWORK_HEADER = YES;
				CLANG_WARN_RANGE_LOOP_ANALYSIS = YES;
				CLANG_WARN_STRICT_PROTOTYPES = YES;
				CLANG_WARN_SUSPICIOUS_MOVE = YES;
				CLANG_WARN_UNGUARDED_AVAILABILITY = YES_AGGRESSIVE;
				CLANG_WARN_UNREACHABLE_CODE = YES;
				CLANG_WARN__DUPLICATE_METHOD_MATCH = YES;
				COPY_PHASE_STRIP = NO;
				DEBUG_INFORMATION_FORMAT = "dwarf-with-dsym";
				ENABLE_NS_ASSERTIONS = NO;
				ENABLE_STRICT_OBJC_MSGSEND = YES;
				GCC_C_LANGUAGE_STANDARD = gnu11;
				GCC_NO_COMMON_BLOCKS = YES;
				GCC_WARN_64_TO_32_BIT_CONVERSION = YES;
				GCC_WARN_ABOUT_RETURN_TYPE = YES_ERROR;
				GCC_WARN_UNDECLARED_SELECTOR = YES;
				GCC_WARN_UNINITIALIZED_AUTOS = YES_AGGRESSIVE;
				GCC_WARN_UNUSED_FUNCTION = YES;
				GCC_WARN_UNUSED_VARIABLE = YES;
				IPHONEOS_DEPLOYMENT_TARGET = 15.0;
				MTL_ENABLE_DEBUG_INFO = NO;
				MTL_FAST_MATH = YES;
				SDKROOT = iphoneos;
				SWIFT_COMPILATION_MODE = wholemodule;
				SWIFT_OPTIMIZATION_LEVEL = "-O";
				VALIDATE_PRODUCT = YES;
			};
			name = Release;
		};
		F9FA8D8C27A3CD2D00A5A143 /* Debug */ = {
			isa = XCBuildConfiguration;
			baseConfigurationReference = 8738C4E179C3544D219966CD /* Pods-EcomPrototype.debug.xcconfig */;
			buildSettings = {
				ASSETCATALOG_COMPILER_APPICON_NAME = AppIcon;
				ASSETCATALOG_COMPILER_GLOBAL_ACCENT_COLOR_NAME = AccentColor;
				CODE_SIGN_STYLE = Automatic;
				CURRENT_PROJECT_VERSION = 1;
				DEVELOPMENT_TEAM = 4R82L4WAXY;
				GENERATE_INFOPLIST_FILE = YES;
				INFOPLIST_FILE = EcomPrototype/Info.plist;
				INFOPLIST_KEY_UIApplicationSupportsIndirectInputEvents = YES;
				INFOPLIST_KEY_UILaunchStoryboardName = LaunchScreen;
				INFOPLIST_KEY_UIMainStoryboardFile = LaunchScreen;
				INFOPLIST_KEY_UISupportedInterfaceOrientations_iPad = "UIInterfaceOrientationPortrait UIInterfaceOrientationPortraitUpsideDown UIInterfaceOrientationLandscapeLeft UIInterfaceOrientationLandscapeRight";
				INFOPLIST_KEY_UISupportedInterfaceOrientations_iPhone = "UIInterfaceOrientationPortrait UIInterfaceOrientationLandscapeLeft UIInterfaceOrientationLandscapeRight";
				LD_RUNPATH_SEARCH_PATHS = (
					"$(inherited)",
					"@executable_path/Frameworks",
				);
				MARKETING_VERSION = 1.0;
				PRODUCT_BUNDLE_IDENTIFIER = com.panaveetham.EcomPrototype;
				PRODUCT_NAME = "$(TARGET_NAME)";
				SWIFT_EMIT_LOC_STRINGS = YES;
				SWIFT_VERSION = 5.0;
				TARGETED_DEVICE_FAMILY = "1,2";
			};
			name = Debug;
		};
		F9FA8D8D27A3CD2D00A5A143 /* Release */ = {
			isa = XCBuildConfiguration;
			baseConfigurationReference = A0221A37AA15B3665116B0C0 /* Pods-EcomPrototype.release.xcconfig */;
			buildSettings = {
				ASSETCATALOG_COMPILER_APPICON_NAME = AppIcon;
				ASSETCATALOG_COMPILER_GLOBAL_ACCENT_COLOR_NAME = AccentColor;
				CODE_SIGN_STYLE = Automatic;
				CURRENT_PROJECT_VERSION = 1;
				DEVELOPMENT_TEAM = 4R82L4WAXY;
				GENERATE_INFOPLIST_FILE = YES;
				INFOPLIST_FILE = EcomPrototype/Info.plist;
				INFOPLIST_KEY_UIApplicationSupportsIndirectInputEvents = YES;
				INFOPLIST_KEY_UILaunchStoryboardName = LaunchScreen;
				INFOPLIST_KEY_UIMainStoryboardFile = LaunchScreen;
				INFOPLIST_KEY_UISupportedInterfaceOrientations_iPad = "UIInterfaceOrientationPortrait UIInterfaceOrientationPortraitUpsideDown UIInterfaceOrientationLandscapeLeft UIInterfaceOrientationLandscapeRight";
				INFOPLIST_KEY_UISupportedInterfaceOrientations_iPhone = "UIInterfaceOrientationPortrait UIInterfaceOrientationLandscapeLeft UIInterfaceOrientationLandscapeRight";
				LD_RUNPATH_SEARCH_PATHS = (
					"$(inherited)",
					"@executable_path/Frameworks",
				);
				MARKETING_VERSION = 1.0;
				PRODUCT_BUNDLE_IDENTIFIER = com.panaveetham.EcomPrototype;
				PRODUCT_NAME = "$(TARGET_NAME)";
				SWIFT_EMIT_LOC_STRINGS = YES;
				SWIFT_VERSION = 5.0;
				TARGETED_DEVICE_FAMILY = "1,2";
			};
			name = Release;
		};
/* End XCBuildConfiguration section */

/* Begin XCConfigurationList section */
		F9FA8D7227A3CD2B00A5A143 /* Build configuration list for PBXProject "EcomPrototype" */ = {
			isa = XCConfigurationList;
			buildConfigurations = (
				F9FA8D8927A3CD2D00A5A143 /* Debug */,
				F9FA8D8A27A3CD2D00A5A143 /* Release */,
			);
			defaultConfigurationIsVisible = 0;
			defaultConfigurationName = Release;
		};
		F9FA8D8B27A3CD2D00A5A143 /* Build configuration list for PBXNativeTarget "EcomPrototype" */ = {
			isa = XCConfigurationList;
			buildConfigurations = (
				F9FA8D8C27A3CD2D00A5A143 /* Debug */,
				F9FA8D8D27A3CD2D00A5A143 /* Release */,
			);
			defaultConfigurationIsVisible = 0;
			defaultConfigurationName = Release;
		};
/* End XCConfigurationList section */
	};
	rootObject = F9FA8D6F27A3CD2B00A5A143 /* Project object */;
}
